
Microsoft Visual Studio Solution File, Format Version 12.00
# Visual Studio Version 17
VisualStudioVersion = 17.0.32112.339
MinimumVisualStudioVersion = 10.0.40219.1
Project("{8BC9CEB8-8B4A-11D0-8D11-00A0C91BC942}") = "TestConsoleApplication", "TestConsoleApplication\TestConsoleApplication.vcxproj", "{70BA02E2-3A61-45A1-9118-C4EA816719CF}"
EndProject
Global
	GlobalSection(SolutionConfigurationPlatforms) = preSolution
		Debug|x64 = Debug|x64
		Debug|x86 = Debug|x86
		Release|x64 = Release|x64
		Release|x86 = Release|x86
	EndGlobalSection
	GlobalSection(ProjectConfigurationPlatforms) = postSolution
		{70BA02E2-3A61-45A1-9118-C4EA816719CF}.Debug|x64.ActiveCfg = Debug|x64
		{70BA02E2-3A61-45A1-9118-C4EA816719CF}.Debug|x64.Build.0 = Debug|x64
		{70BA02E2-3A61-45A1-9118-C4EA816719CF}.Debug|x86.ActiveCfg = Debug|Win32
		{70BA02E2-3A61-45A1-9118-C4EA816719CF}.Debug|x86.Build.0 = Debug|Win32
		{70BA02E2-3A61-45A1-9118-C4EA816719CF}.Release|x64.ActiveCfg = Release|x64
		{70BA02E2-3A61-45A1-9118-C4EA816719CF}.Release|x64.Build.0 = Release|x64
		{70BA02E2-3A61-45A1-9118-C4EA816719CF}.Release|x86.ActiveCfg = Release|Win32
		{70BA02E2-3A61-45A1-9118-C4EA816719CF}.Release|x86.Build.0 = Release|Win32
	EndGlobalSection
	GlobalSection(SolutionProperties) = preSolution
		HideSolutionNode = FALSE
	EndGlobalSection
	GlobalSection(ExtensibilityGlobals) = postSolution
		SolutionGuid = {0CE87B88-D68D-4C65-A954-8392C9003539}
	EndGlobalSection
EndGlobal
